
Microsoft Visual Studio Solution File, Format Version 12.00
# Visual Studio Version 16
VisualStudioVersion = 16.0.30907.101
MinimumVisualStudioVersion = 10.0.40219.1
Project("{FAE04EC0-301F-11D3-BF4B-00C04F79EFBC}") = "QRView", "QRView\QRView.csproj", "{A62DAAE6-EB84-4AE6-81F5-4A3487FD875C}"
EndProject
Global
	GlobalSection(SolutionConfigurationPlatforms) = preSolution
		Debug|Any CPU = Debug|Any CPU
		Release|Any CPU = Release|Any CPU
	EndGlobalSection
	GlobalSection(ProjectConfigurationPlatforms) = postSolution
		{A62DAAE6-EB84-4AE6-81F5-4A3487FD875C}.Debug|Any CPU.ActiveCfg = Debug|Any CPU
		{A62DAAE6-EB84-4AE6-81F5-4A3487FD875C}.Debug|Any CPU.Build.0 = Debug|Any CPU
		{A62DAAE6-EB84-4AE6-81F5-4A3487FD875C}.Release|Any CPU.ActiveCfg = Release|Any CPU
		{A62DAAE6-EB84-4AE6-81F5-4A3487FD875C}.Release|Any CPU.Build.0 = Release|Any CPU
	EndGlobalSection
	GlobalSection(SolutionProperties) = preSolution
		HideSolutionNode = FALSE
	EndGlobalSection
	GlobalSection(ExtensibilityGlobals) = postSolution
		SolutionGuid = {46445A1A-E64E-4C23-AE67-2C5412E5A75C}
	EndGlobalSection
EndGlobal
